
Microsoft Visual Studio Solution File, Format Version 12.00
# Visual Studio 15
VisualStudioVersion = 15.0.26430.14
MinimumVisualStudioVersion = 10.0.40219.1
Project("{D954291E-2A0B-460D-934E-DC6B0785DB48}") = "Piolhos.App", "Piolhos.App\Piolhos.App\Piolhos.App.shproj", "{E57800BE-38D1-4539-BF8D-2C9C9421242F}"
EndProject
Project("{FAE04EC0-301F-11D3-BF4B-00C04F79EFBC}") = "Piolhos.App.Android", "Piolhos.App\Piolhos.App.Android\Piolhos.App.Android.csproj", "{C070458D-B04B-4618-A163-4ABCE612D611}"
EndProject
Project("{FAE04EC0-301F-11D3-BF4B-00C04F79EFBC}") = "Piolhos.App.iOS", "Piolhos.App\Piolhos.App.iOS\Piolhos.App.iOS.csproj", "{A750A0FE-E761-46F7-A241-A61E6CC39179}"
EndProject
Project("{FAE04EC0-301F-11D3-BF4B-00C04F79EFBC}") = "Piolhos.App.UWP", "Piolhos.App\Piolhos.App.UWP\Piolhos.App.UWP.csproj", "{EE9FB7E3-3D68-427C-9A12-D1F8FAF3115B}"
EndProject
Project("{FAE04EC0-301F-11D3-BF4B-00C04F79EFBC}") = "Piolhos", "..\Api\Piolhos\Piolhos.csproj", "{F8F8BE9A-F27D-46BF-91B9-5BC329F4E107}"
EndProject
Project("{FAE04EC0-301F-11D3-BF4B-00C04F79EFBC}") = "Piolhos.App.Core", "Piolhos.App.Core\Piolhos.App.Core.csproj", "{31430FA0-1128-4CC7-9919-08695BA408DC}"
EndProject
Global
	GlobalSection(SharedMSBuildProjectFiles) = preSolution
		Piolhos.App\Piolhos.App\Piolhos.App.projitems*{a750a0fe-e761-46f7-a241-a61e6cc39179}*SharedItemsImports = 4
		Piolhos.App\Piolhos.App\Piolhos.App.projitems*{c070458d-b04b-4618-a163-4abce612d611}*SharedItemsImports = 4
		Piolhos.App\Piolhos.App\Piolhos.App.projitems*{e57800be-38d1-4539-bf8d-2c9c9421242f}*SharedItemsImports = 13
		Piolhos.App\Piolhos.App\Piolhos.App.projitems*{ee9fb7e3-3d68-427c-9a12-d1f8faf3115b}*SharedItemsImports = 4
	EndGlobalSection
	GlobalSection(SolutionConfigurationPlatforms) = preSolution
		Ad-Hoc|Any CPU = Ad-Hoc|Any CPU
		Ad-Hoc|ARM = Ad-Hoc|ARM
		Ad-Hoc|iPhone = Ad-Hoc|iPhone
		Ad-Hoc|iPhoneSimulator = Ad-Hoc|iPhoneSimulator
		Ad-Hoc|x64 = Ad-Hoc|x64
		Ad-Hoc|x86 = Ad-Hoc|x86
		AppStore|Any CPU = AppStore|Any CPU
		AppStore|ARM = AppStore|ARM
		AppStore|iPhone = AppStore|iPhone
		AppStore|iPhoneSimulator = AppStore|iPhoneSimulator
		AppStore|x64 = AppStore|x64
		AppStore|x86 = AppStore|x86
		Debug|Any CPU = Debug|Any CPU
		Debug|ARM = Debug|ARM
		Debug|iPhone = Debug|iPhone
		Debug|iPhoneSimulator = Debug|iPhoneSimulator
		Debug|x64 = Debug|x64
		Debug|x86 = Debug|x86
		Release|Any CPU = Release|Any CPU
		Release|ARM = Release|ARM
		Release|iPhone = Release|iPhone
		Release|iPhoneSimulator = Release|iPhoneSimulator
		Release|x64 = Release|x64
		Release|x86 = Release|x86
	EndGlobalSection
	GlobalSection(ProjectConfigurationPlatforms) = postSolution
		{C070458D-B04B-4618-A163-4ABCE612D611}.Ad-Hoc|Any CPU.ActiveCfg = Release|Any CPU
		{C070458D-B04B-4618-A163-4ABCE612D611}.Ad-Hoc|Any CPU.Build.0 = Release|Any CPU
		{C070458D-B04B-4618-A163-4ABCE612D611}.Ad-Hoc|Any CPU.Deploy.0 = Release|Any CPU
		{C070458D-B04B-4618-A163-4ABCE612D611}.Ad-Hoc|ARM.ActiveCfg = Release|Any CPU
		{C070458D-B04B-4618-A163-4ABCE612D611}.Ad-Hoc|ARM.Build.0 = Release|Any CPU
		{C070458D-B04B-4618-A163-4ABCE612D611}.Ad-Hoc|ARM.Deploy.0 = Release|Any CPU
		{C070458D-B04B-4618-A163-4ABCE612D611}.Ad-Hoc|iPhone.ActiveCfg = Release|Any CPU
		{C070458D-B04B-4618-A163-4ABCE612D611}.Ad-Hoc|iPhone.Build.0 = Release|Any CPU
		{C070458D-B04B-4618-A163-4ABCE612D611}.Ad-Hoc|iPhone.Deploy.0 = Release|Any CPU
		{C070458D-B04B-4618-A163-4ABCE612D611}.Ad-Hoc|iPhoneSimulator.ActiveCfg = Release|Any CPU
		{C070458D-B04B-4618-A163-4ABCE612D611}.Ad-Hoc|iPhoneSimulator.Build.0 = Release|Any CPU
		{C070458D-B04B-4618-A163-4ABCE612D611}.Ad-Hoc|iPhoneSimulator.Deploy.0 = Release|Any CPU
		{C070458D-B04B-4618-A163-4ABCE612D611}.Ad-Hoc|x64.ActiveCfg = Release|Any CPU
		{C070458D-B04B-4618-A163-4ABCE612D611}.Ad-Hoc|x64.Build.0 = Release|Any CPU
		{C070458D-B04B-4618-A163-4ABCE612D611}.Ad-Hoc|x64.Deploy.0 = Release|Any CPU
		{C070458D-B04B-4618-A163-4ABCE612D611}.Ad-Hoc|x86.ActiveCfg = Release|Any CPU
		{C070458D-B04B-4618-A163-4ABCE612D611}.Ad-Hoc|x86.Build.0 = Release|Any CPU
		{C070458D-B04B-4618-A163-4ABCE612D611}.Ad-Hoc|x86.Deploy.0 = Release|Any CPU
		{C070458D-B04B-4618-A163-4ABCE612D611}.AppStore|Any CPU.ActiveCfg = Release|Any CPU
		{C070458D-B04B-4618-A163-4ABCE612D611}.AppStore|Any CPU.Build.0 = Release|Any CPU
		{C070458D-B04B-4618-A163-4ABCE612D611}.AppStore|Any CPU.Deploy.0 = Release|Any CPU
		{C070458D-B04B-4618-A163-4ABCE612D611}.AppStore|ARM.ActiveCfg = Release|Any CPU
		{C070458D-B04B-4618-A163-4ABCE612D611}.AppStore|ARM.Build.0 = Release|Any CPU
		{C070458D-B04B-4618-A163-4ABCE612D611}.AppStore|ARM.Deploy.0 = Release|Any CPU
		{C070458D-B04B-4618-A163-4ABCE612D611}.AppStore|iPhone.ActiveCfg = Release|Any CPU
		{C070458D-B04B-4618-A163-4ABCE612D611}.AppStore|iPhone.Build.0 = Release|Any CPU
		{C070458D-B04B-4618-A163-4ABCE612D611}.AppStore|iPhone.Deploy.0 = Release|Any CPU
		{C070458D-B04B-4618-A163-4ABCE612D611}.AppStore|iPhoneSimulator.ActiveCfg = Release|Any CPU
		{C070458D-B04B-4618-A163-4ABCE612D611}.AppStore|iPhoneSimulator.Build.0 = Release|Any CPU
		{C070458D-B04B-4618-A163-4ABCE612D611}.AppStore|iPhoneSimulator.Deploy.0 = Release|Any CPU
		{C070458D-B04B-4618-A163-4ABCE612D611}.AppStore|x64.ActiveCfg = Release|Any CPU
		{C070458D-B04B-4618-A163-4ABCE612D611}.AppStore|x64.Build.0 = Release|Any CPU
		{C070458D-B04B-4618-A163-4ABCE612D611}.AppStore|x64.Deploy.0 = Release|Any CPU
		{C070458D-B04B-4618-A163-4ABCE612D611}.AppStore|x86.ActiveCfg = Release|Any CPU
		{C070458D-B04B-4618-A163-4ABCE612D611}.AppStore|x86.Build.0 = Release|Any CPU
		{C070458D-B04B-4618-A163-4ABCE612D611}.AppStore|x86.Deploy.0 = Release|Any CPU
		{C070458D-B04B-4618-A163-4ABCE612D611}.Debug|Any CPU.ActiveCfg = Debug|Any CPU
		{C070458D-B04B-4618-A163-4ABCE612D611}.Debug|Any CPU.Build.0 = Debug|Any CPU
		{C070458D-B04B-4618-A163-4ABCE612D611}.Debug|Any CPU.Deploy.0 = Debug|Any CPU
		{C070458D-B04B-4618-A163-4ABCE612D611}.Debug|ARM.ActiveCfg = Debug|Any CPU
		{C070458D-B04B-4618-A163-4ABCE612D611}.Debug|ARM.Build.0 = Debug|Any CPU
		{C070458D-B04B-4618-A163-4ABCE612D611}.Debug|ARM.Deploy.0 = Debug|Any CPU
		{C070458D-B04B-4618-A163-4ABCE612D611}.Debug|iPhone.ActiveCfg = Debug|Any CPU
		{C070458D-B04B-4618-A163-4ABCE612D611}.Debug|iPhone.Build.0 = Debug|Any CPU
		{C070458D-B04B-4618-A163-4ABCE612D611}.Debug|iPhone.Deploy.0 = Debug|Any CPU
		{C070458D-B04B-4618-A163-4ABCE612D611}.Debug|iPhoneSimulator.ActiveCfg = Debug|Any CPU
		{C070458D-B04B-4618-A163-4ABCE612D611}.Debug|iPhoneSimulator.Build.0 = Debug|Any CPU
		{C070458D-B04B-4618-A163-4ABCE612D611}.Debug|iPhoneSimulator.Deploy.0 = Debug|Any CPU
		{C070458D-B04B-4618-A163-4ABCE612D611}.Debug|x64.ActiveCfg = Debug|Any CPU
		{C070458D-B04B-4618-A163-4ABCE612D611}.Debug|x64.Build.0 = Debug|Any CPU
		{C070458D-B04B-4618-A163-4ABCE612D611}.Debug|x64.Deploy.0 = Debug|Any CPU
		{C070458D-B04B-4618-A163-4ABCE612D611}.Debug|x86.ActiveCfg = Debug|Any CPU
		{C070458D-B04B-4618-A163-4ABCE612D611}.Debug|x86.Build.0 = Debug|Any CPU
		{C070458D-B04B-4618-A163-4ABCE612D611}.Debug|x86.Deploy.0 = Debug|Any CPU
		{C070458D-B04B-4618-A163-4ABCE612D611}.Release|Any CPU.ActiveCfg = Release|Any CPU
		{C070458D-B04B-4618-A163-4ABCE612D611}.Release|Any CPU.Build.0 = Release|Any CPU
		{C070458D-B04B-4618-A163-4ABCE612D611}.Release|Any CPU.Deploy.0 = Release|Any CPU
		{C070458D-B04B-4618-A163-4ABCE612D611}.Release|ARM.ActiveCfg = Release|Any CPU
		{C070458D-B04B-4618-A163-4ABCE612D611}.Release|ARM.Build.0 = Release|Any CPU
		{C070458D-B04B-4618-A163-4ABCE612D611}.Release|ARM.Deploy.0 = Release|Any CPU
		{C070458D-B04B-4618-A163-4ABCE612D611}.Release|iPhone.ActiveCfg = Release|Any CPU
		{C070458D-B04B-4618-A163-4ABCE612D611}.Release|iPhone.Build.0 = Release|Any CPU
		{C070458D-B04B-4618-A163-4ABCE612D611}.Release|iPhone.Deploy.0 = Release|Any CPU
		{C070458D-B04B-4618-A163-4ABCE612D611}.Release|iPhoneSimulator.ActiveCfg = Release|Any CPU
		{C070458D-B04B-4618-A163-4ABCE612D611}.Release|iPhoneSimulator.Build.0 = Release|Any CPU
		{C070458D-B04B-4618-A163-4ABCE612D611}.Release|iPhoneSimulator.Deploy.0 = Release|Any CPU
		{C070458D-B04B-4618-A163-4ABCE612D611}.Release|x64.ActiveCfg = Release|Any CPU
		{C070458D-B04B-4618-A163-4ABCE612D611}.Release|x64.Build.0 = Release|Any CPU
		{C070458D-B04B-4618-A163-4ABCE612D611}.Release|x64.Deploy.0 = Release|Any CPU
		{C070458D-B04B-4618-A163-4ABCE612D611}.Release|x86.ActiveCfg = Release|Any CPU
		{C070458D-B04B-4618-A163-4ABCE612D611}.Release|x86.Build.0 = Release|Any CPU
		{C070458D-B04B-4618-A163-4ABCE612D611}.Release|x86.Deploy.0 = Release|Any CPU
		{A750A0FE-E761-46F7-A241-A61E6CC39179}.Ad-Hoc|Any CPU.ActiveCfg = Ad-Hoc|iPhone
		{A750A0FE-E761-46F7-A241-A61E6CC39179}.Ad-Hoc|ARM.ActiveCfg = Ad-Hoc|iPhone
		{A750A0FE-E761-46F7-A241-A61E6CC39179}.Ad-Hoc|iPhone.ActiveCfg = Ad-Hoc|iPhone
		{A750A0FE-E761-46F7-A241-A61E6CC39179}.Ad-Hoc|iPhone.Build.0 = Ad-Hoc|iPhone
		{A750A0FE-E761-46F7-A241-A61E6CC39179}.Ad-Hoc|iPhoneSimulator.ActiveCfg = Ad-Hoc|iPhoneSimulator
		{A750A0FE-E761-46F7-A241-A61E6CC39179}.Ad-Hoc|iPhoneSimulator.Build.0 = Ad-Hoc|iPhoneSimulator
		{A750A0FE-E761-46F7-A241-A61E6CC39179}.Ad-Hoc|x64.ActiveCfg = Ad-Hoc|iPhone
		{A750A0FE-E761-46F7-A241-A61E6CC39179}.Ad-Hoc|x86.ActiveCfg = Ad-Hoc|iPhone
		{A750A0FE-E761-46F7-A241-A61E6CC39179}.AppStore|Any CPU.ActiveCfg = AppStore|iPhone
		{A750A0FE-E761-46F7-A241-A61E6CC39179}.AppStore|ARM.ActiveCfg = AppStore|iPhone
		{A750A0FE-E761-46F7-A241-A61E6CC39179}.AppStore|iPhone.ActiveCfg = AppStore|iPhone
		{A750A0FE-E761-46F7-A241-A61E6CC39179}.AppStore|iPhone.Build.0 = AppStore|iPhone
		{A750A0FE-E761-46F7-A241-A61E6CC39179}.AppStore|iPhoneSimulator.ActiveCfg = AppStore|iPhoneSimulator
		{A750A0FE-E761-46F7-A241-A61E6CC39179}.AppStore|iPhoneSimulator.Build.0 = AppStore|iPhoneSimulator
		{A750A0FE-E761-46F7-A241-A61E6CC39179}.AppStore|x64.ActiveCfg = AppStore|iPhone
		{A750A0FE-E761-46F7-A241-A61E6CC39179}.AppStore|x86.ActiveCfg = AppStore|iPhone
		{A750A0FE-E761-46F7-A241-A61E6CC39179}.Debug|Any CPU.ActiveCfg = Debug|iPhone
		{A750A0FE-E761-46F7-A241-A61E6CC39179}.Debug|ARM.ActiveCfg = Debug|iPhone
		{A750A0FE-E761-46F7-A241-A61E6CC39179}.Debug|iPhone.ActiveCfg = Debug|iPhone
		{A750A0FE-E761-46F7-A241-A61E6CC39179}.Debug|iPhone.Build.0 = Debug|iPhone
		{A750A0FE-E761-46F7-A241-A61E6CC39179}.Debug|iPhoneSimulator.ActiveCfg = Debug|iPhoneSimulator
		{A750A0FE-E761-46F7-A241-A61E6CC39179}.Debug|iPhoneSimulator.Build.0 = Debug|iPhoneSimulator
		{A750A0FE-E761-46F7-A241-A61E6CC39179}.Debug|x64.ActiveCfg = Debug|iPhone
		{A750A0FE-E761-46F7-A241-A61E6CC39179}.Debug|x86.ActiveCfg = Debug|iPhone
		{A750A0FE-E761-46F7-A241-A61E6CC39179}.Release|Any CPU.ActiveCfg = Release|iPhone
		{A750A0FE-E761-46F7-A241-A61E6CC39179}.Release|ARM.ActiveCfg = Release|iPhone
		{A750A0FE-E761-46F7-A241-A61E6CC39179}.Release|iPhone.ActiveCfg = Release|iPhone
		{A750A0FE-E761-46F7-A241-A61E6CC39179}.Release|iPhone.Build.0 = Release|iPhone
		{A750A0FE-E761-46F7-A241-A61E6CC39179}.Release|iPhoneSimulator.ActiveCfg = Release|iPhoneSimulator
		{A750A0FE-E761-46F7-A241-A61E6CC39179}.Release|iPhoneSimulator.Build.0 = Release|iPhoneSimulator
		{A750A0FE-E761-46F7-A241-A61E6CC39179}.Release|x64.ActiveCfg = Release|iPhone
		{A750A0FE-E761-46F7-A241-A61E6CC39179}.Release|x86.ActiveCfg = Release|iPhone
		{EE9FB7E3-3D68-427C-9A12-D1F8FAF3115B}.Ad-Hoc|Any CPU.ActiveCfg = Release|x86
		{EE9FB7E3-3D68-427C-9A12-D1F8FAF3115B}.Ad-Hoc|Any CPU.Build.0 = Release|x86
		{EE9FB7E3-3D68-427C-9A12-D1F8FAF3115B}.Ad-Hoc|Any CPU.Deploy.0 = Release|x86
		{EE9FB7E3-3D68-427C-9A12-D1F8FAF3115B}.Ad-Hoc|ARM.ActiveCfg = Release|ARM
		{EE9FB7E3-3D68-427C-9A12-D1F8FAF3115B}.Ad-Hoc|ARM.Build.0 = Release|ARM
		{EE9FB7E3-3D68-427C-9A12-D1F8FAF3115B}.Ad-Hoc|ARM.Deploy.0 = Release|ARM
		{EE9FB7E3-3D68-427C-9A12-D1F8FAF3115B}.Ad-Hoc|iPhone.ActiveCfg = Release|x86
		{EE9FB7E3-3D68-427C-9A12-D1F8FAF3115B}.Ad-Hoc|iPhone.Build.0 = Release|x86
		{EE9FB7E3-3D68-427C-9A12-D1F8FAF3115B}.Ad-Hoc|iPhone.Deploy.0 = Release|x86
		{EE9FB7E3-3D68-427C-9A12-D1F8FAF3115B}.Ad-Hoc|iPhoneSimulator.ActiveCfg = Release|x86
		{EE9FB7E3-3D68-427C-9A12-D1F8FAF3115B}.Ad-Hoc|iPhoneSimulator.Build.0 = Release|x86
		{EE9FB7E3-3D68-427C-9A12-D1F8FAF3115B}.Ad-Hoc|iPhoneSimulator.Deploy.0 = Release|x86
		{EE9FB7E3-3D68-427C-9A12-D1F8FAF3115B}.Ad-Hoc|x64.ActiveCfg = Release|x64
		{EE9FB7E3-3D68-427C-9A12-D1F8FAF3115B}.Ad-Hoc|x64.Build.0 = Release|x64
		{EE9FB7E3-3D68-427C-9A12-D1F8FAF3115B}.Ad-Hoc|x64.Deploy.0 = Release|x64
		{EE9FB7E3-3D68-427C-9A12-D1F8FAF3115B}.Ad-Hoc|x86.ActiveCfg = Release|x86
		{EE9FB7E3-3D68-427C-9A12-D1F8FAF3115B}.Ad-Hoc|x86.Build.0 = Release|x86
		{EE9FB7E3-3D68-427C-9A12-D1F8FAF3115B}.Ad-Hoc|x86.Deploy.0 = Release|x86
		{EE9FB7E3-3D68-427C-9A12-D1F8FAF3115B}.AppStore|Any CPU.ActiveCfg = Release|x86
		{EE9FB7E3-3D68-427C-9A12-D1F8FAF3115B}.AppStore|Any CPU.Build.0 = Release|x86
		{EE9FB7E3-3D68-427C-9A12-D1F8FAF3115B}.AppStore|Any CPU.Deploy.0 = Release|x86
		{EE9FB7E3-3D68-427C-9A12-D1F8FAF3115B}.AppStore|ARM.ActiveCfg = Release|ARM
		{EE9FB7E3-3D68-427C-9A12-D1F8FAF3115B}.AppStore|ARM.Build.0 = Release|ARM
		{EE9FB7E3-3D68-427C-9A12-D1F8FAF3115B}.AppStore|ARM.Deploy.0 = Release|ARM
		{EE9FB7E3-3D68-427C-9A12-D1F8FAF3115B}.AppStore|iPhone.ActiveCfg = Release|x86
		{EE9FB7E3-3D68-427C-9A12-D1F8FAF3115B}.AppStore|iPhone.Build.0 = Release|x86
		{EE9FB7E3-3D68-427C-9A12-D1F8FAF3115B}.AppStore|iPhone.Deploy.0 = Release|x86
		{EE9FB7E3-3D68-427C-9A12-D1F8FAF3115B}.AppStore|iPhoneSimulator.ActiveCfg = Release|x86
		{EE9FB7E3-3D68-427C-9A12-D1F8FAF3115B}.AppStore|iPhoneSimulator.Build.0 = Release|x86
		{EE9FB7E3-3D68-427C-9A12-D1F8FAF3115B}.AppStore|iPhoneSimulator.Deploy.0 = Release|x86
		{EE9FB7E3-3D68-427C-9A12-D1F8FAF3115B}.AppStore|x64.ActiveCfg = Release|x64
		{EE9FB7E3-3D68-427C-9A12-D1F8FAF3115B}.AppStore|x64.Build.0 = Release|x64
		{EE9FB7E3-3D68-427C-9A12-D1F8FAF3115B}.AppStore|x64.Deploy.0 = Release|x64
		{EE9FB7E3-3D68-427C-9A12-D1F8FAF3115B}.AppStore|x86.ActiveCfg = Release|x86
		{EE9FB7E3-3D68-427C-9A12-D1F8FAF3115B}.AppStore|x86.Build.0 = Release|x86
		{EE9FB7E3-3D68-427C-9A12-D1F8FAF3115B}.AppStore|x86.Deploy.0 = Release|x86
		{EE9FB7E3-3D68-427C-9A12-D1F8FAF3115B}.Debug|Any CPU.ActiveCfg = Debug|x86
		{EE9FB7E3-3D68-427C-9A12-D1F8FAF3115B}.Debug|ARM.ActiveCfg = Debug|ARM
		{EE9FB7E3-3D68-427C-9A12-D1F8FAF3115B}.Debug|ARM.Build.0 = Debug|ARM
		{EE9FB7E3-3D68-427C-9A12-D1F8FAF3115B}.Debug|ARM.Deploy.0 = Debug|ARM
		{EE9FB7E3-3D68-427C-9A12-D1F8FAF3115B}.Debug|iPhone.ActiveCfg = Debug|x86
		{EE9FB7E3-3D68-427C-9A12-D1F8FAF3115B}.Debug|iPhoneSimulator.ActiveCfg = Debug|x86
		{EE9FB7E3-3D68-427C-9A12-D1F8FAF3115B}.Debug|x64.ActiveCfg = Debug|x64
		{EE9FB7E3-3D68-427C-9A12-D1F8FAF3115B}.Debug|x64.Build.0 = Debug|x64
		{EE9FB7E3-3D68-427C-9A12-D1F8FAF3115B}.Debug|x64.Deploy.0 = Debug|x64
		{EE9FB7E3-3D68-427C-9A12-D1F8FAF3115B}.Debug|x86.ActiveCfg = Debug|x86
		{EE9FB7E3-3D68-427C-9A12-D1F8FAF3115B}.Debug|x86.Build.0 = Debug|x86
		{EE9FB7E3-3D68-427C-9A12-D1F8FAF3115B}.Debug|x86.Deploy.0 = Debug|x86
		{EE9FB7E3-3D68-427C-9A12-D1F8FAF3115B}.Release|Any CPU.ActiveCfg = Release|x86
		{EE9FB7E3-3D68-427C-9A12-D1F8FAF3115B}.Release|ARM.ActiveCfg = Release|ARM
		{EE9FB7E3-3D68-427C-9A12-D1F8FAF3115B}.Release|ARM.Build.0 = Release|ARM
		{EE9FB7E3-3D68-427C-9A12-D1F8FAF3115B}.Release|ARM.Deploy.0 = Release|ARM
		{EE9FB7E3-3D68-427C-9A12-D1F8FAF3115B}.Release|iPhone.ActiveCfg = Release|x86
		{EE9FB7E3-3D68-427C-9A12-D1F8FAF3115B}.Release|iPhoneSimulator.ActiveCfg = Release|x86
		{EE9FB7E3-3D68-427C-9A12-D1F8FAF3115B}.Release|x64.ActiveCfg = Release|x64
		{EE9FB7E3-3D68-427C-9A12-D1F8FAF3115B}.Release|x64.Build.0 = Release|x64
		{EE9FB7E3-3D68-427C-9A12-D1F8FAF3115B}.Release|x64.Deploy.0 = Release|x64
		{EE9FB7E3-3D68-427C-9A12-D1F8FAF3115B}.Release|x86.ActiveCfg = Release|x86
		{EE9FB7E3-3D68-427C-9A12-D1F8FAF3115B}.Release|x86.Build.0 = Release|x86
		{EE9FB7E3-3D68-427C-9A12-D1F8FAF3115B}.Release|x86.Deploy.0 = Release|x86
		{F8F8BE9A-F27D-46BF-91B9-5BC329F4E107}.Ad-Hoc|Any CPU.ActiveCfg = Release|Any CPU
		{F8F8BE9A-F27D-46BF-91B9-5BC329F4E107}.Ad-Hoc|Any CPU.Build.0 = Release|Any CPU
		{F8F8BE9A-F27D-46BF-91B9-5BC329F4E107}.Ad-Hoc|ARM.ActiveCfg = Release|Any CPU
		{F8F8BE9A-F27D-46BF-91B9-5BC329F4E107}.Ad-Hoc|ARM.Build.0 = Release|Any CPU
		{F8F8BE9A-F27D-46BF-91B9-5BC329F4E107}.Ad-Hoc|iPhone.ActiveCfg = Release|Any CPU
		{F8F8BE9A-F27D-46BF-91B9-5BC329F4E107}.Ad-Hoc|iPhone.Build.0 = Release|Any CPU
		{F8F8BE9A-F27D-46BF-91B9-5BC329F4E107}.Ad-Hoc|iPhoneSimulator.ActiveCfg = Release|Any CPU
		{F8F8BE9A-F27D-46BF-91B9-5BC329F4E107}.Ad-Hoc|iPhoneSimulator.Build.0 = Release|Any CPU
		{F8F8BE9A-F27D-46BF-91B9-5BC329F4E107}.Ad-Hoc|x64.ActiveCfg = Release|Any CPU
		{F8F8BE9A-F27D-46BF-91B9-5BC329F4E107}.Ad-Hoc|x64.Build.0 = Release|Any CPU
		{F8F8BE9A-F27D-46BF-91B9-5BC329F4E107}.Ad-Hoc|x86.ActiveCfg = Release|Any CPU
		{F8F8BE9A-F27D-46BF-91B9-5BC329F4E107}.Ad-Hoc|x86.Build.0 = Release|Any CPU
		{F8F8BE9A-F27D-46BF-91B9-5BC329F4E107}.AppStore|Any CPU.ActiveCfg = Release|Any CPU
		{F8F8BE9A-F27D-46BF-91B9-5BC329F4E107}.AppStore|Any CPU.Build.0 = Release|Any CPU
		{F8F8BE9A-F27D-46BF-91B9-5BC329F4E107}.AppStore|ARM.ActiveCfg = Release|Any CPU
		{F8F8BE9A-F27D-46BF-91B9-5BC329F4E107}.AppStore|ARM.Build.0 = Release|Any CPU
		{F8F8BE9A-F27D-46BF-91B9-5BC329F4E107}.AppStore|iPhone.ActiveCfg = Release|Any CPU
		{F8F8BE9A-F27D-46BF-91B9-5BC329F4E107}.AppStore|iPhone.Build.0 = Release|Any CPU
		{F8F8BE9A-F27D-46BF-91B9-5BC329F4E107}.AppStore|iPhoneSimulator.ActiveCfg = Release|Any CPU
		{F8F8BE9A-F27D-46BF-91B9-5BC329F4E107}.AppStore|iPhoneSimulator.Build.0 = Release|Any CPU
		{F8F8BE9A-F27D-46BF-91B9-5BC329F4E107}.AppStore|x64.ActiveCfg = Release|Any CPU
		{F8F8BE9A-F27D-46BF-91B9-5BC329F4E107}.AppStore|x64.Build.0 = Release|Any CPU
		{F8F8BE9A-F27D-46BF-91B9-5BC329F4E107}.AppStore|x86.ActiveCfg = Release|Any CPU
		{F8F8BE9A-F27D-46BF-91B9-5BC329F4E107}.AppStore|x86.Build.0 = Release|Any CPU
		{F8F8BE9A-F27D-46BF-91B9-5BC329F4E107}.Debug|Any CPU.ActiveCfg = Debug|Any CPU
		{F8F8BE9A-F27D-46BF-91B9-5BC329F4E107}.Debug|Any CPU.Build.0 = Debug|Any CPU
		{F8F8BE9A-F27D-46BF-91B9-5BC329F4E107}.Debug|ARM.ActiveCfg = Debug|Any CPU
		{F8F8BE9A-F27D-46BF-91B9-5BC329F4E107}.Debug|ARM.Build.0 = Debug|Any CPU
		{F8F8BE9A-F27D-46BF-91B9-5BC329F4E107}.Debug|iPhone.ActiveCfg = Debug|Any CPU
		{F8F8BE9A-F27D-46BF-91B9-5BC329F4E107}.Debug|iPhone.Build.0 = Debug|Any CPU
		{F8F8BE9A-F27D-46BF-91B9-5BC329F4E107}.Debug|iPhoneSimulator.ActiveCfg = Debug|Any CPU
		{F8F8BE9A-F27D-46BF-91B9-5BC329F4E107}.Debug|iPhoneSimulator.Build.0 = Debug|Any CPU
		{F8F8BE9A-F27D-46BF-91B9-5BC329F4E107}.Debug|x64.ActiveCfg = Debug|Any CPU
		{F8F8BE9A-F27D-46BF-91B9-5BC329F4E107}.Debug|x64.Build.0 = Debug|Any CPU
		{F8F8BE9A-F27D-46BF-91B9-5BC329F4E107}.Debug|x86.ActiveCfg = Debug|Any CPU
		{F8F8BE9A-F27D-46BF-91B9-5BC329F4E107}.Debug|x86.Build.0 = Debug|Any CPU
		{F8F8BE9A-F27D-46BF-91B9-5BC329F4E107}.Release|Any CPU.ActiveCfg = Release|Any CPU
		{F8F8BE9A-F27D-46BF-91B9-5BC329F4E107}.Release|Any CPU.Build.0 = Release|Any CPU
		{F8F8BE9A-F27D-46BF-91B9-5BC329F4E107}.Release|ARM.ActiveCfg = Release|Any CPU
		{F8F8BE9A-F27D-46BF-91B9-5BC329F4E107}.Release|ARM.Build.0 = Release|Any CPU
		{F8F8BE9A-F27D-46BF-91B9-5BC329F4E107}.Release|iPhone.ActiveCfg = Release|Any CPU
		{F8F8BE9A-F27D-46BF-91B9-5BC329F4E107}.Release|iPhone.Build.0 = Release|Any CPU
		{F8F8BE9A-F27D-46BF-91B9-5BC329F4E107}.Release|iPhoneSimulator.ActiveCfg = Release|Any CPU
		{F8F8BE9A-F27D-46BF-91B9-5BC329F4E107}.Release|iPhoneSimulator.Build.0 = Release|Any CPU
		{F8F8BE9A-F27D-46BF-91B9-5BC329F4E107}.Release|x64.ActiveCfg = Release|Any CPU
		{F8F8BE9A-F27D-46BF-91B9-5BC329F4E107}.Release|x64.Build.0 = Release|Any CPU
		{F8F8BE9A-F27D-46BF-91B9-5BC329F4E107}.Release|x86.ActiveCfg = Release|Any CPU
		{F8F8BE9A-F27D-46BF-91B9-5BC329F4E107}.Release|x86.Build.0 = Release|Any CPU
		{31430FA0-1128-4CC7-9919-08695BA408DC}.Ad-Hoc|Any CPU.ActiveCfg = Release|Any CPU
		{31430FA0-1128-4CC7-9919-08695BA408DC}.Ad-Hoc|Any CPU.Build.0 = Release|Any CPU
		{31430FA0-1128-4CC7-9919-08695BA408DC}.Ad-Hoc|ARM.ActiveCfg = Release|Any CPU
		{31430FA0-1128-4CC7-9919-08695BA408DC}.Ad-Hoc|ARM.Build.0 = Release|Any CPU
		{31430FA0-1128-4CC7-9919-08695BA408DC}.Ad-Hoc|iPhone.ActiveCfg = Release|Any CPU
		{31430FA0-1128-4CC7-9919-08695BA408DC}.Ad-Hoc|iPhone.Build.0 = Release|Any CPU
		{31430FA0-1128-4CC7-9919-08695BA408DC}.Ad-Hoc|iPhoneSimulator.ActiveCfg = Release|Any CPU
		{31430FA0-1128-4CC7-9919-08695BA408DC}.Ad-Hoc|iPhoneSimulator.Build.0 = Release|Any CPU
		{31430FA0-1128-4CC7-9919-08695BA408DC}.Ad-Hoc|x64.ActiveCfg = Release|Any CPU
		{31430FA0-1128-4CC7-9919-08695BA408DC}.Ad-Hoc|x64.Build.0 = Release|Any CPU
		{31430FA0-1128-4CC7-9919-08695BA408DC}.Ad-Hoc|x86.ActiveCfg = Release|Any CPU
		{31430FA0-1128-4CC7-9919-08695BA408DC}.Ad-Hoc|x86.Build.0 = Release|Any CPU
		{31430FA0-1128-4CC7-9919-08695BA408DC}.AppStore|Any CPU.ActiveCfg = Release|Any CPU
		{31430FA0-1128-4CC7-9919-08695BA408DC}.AppStore|Any CPU.Build.0 = Release|Any CPU
		{31430FA0-1128-4CC7-9919-08695BA408DC}.AppStore|ARM.ActiveCfg = Release|Any CPU
		{31430FA0-1128-4CC7-9919-08695BA408DC}.AppStore|ARM.Build.0 = Release|Any CPU
		{31430FA0-1128-4CC7-9919-08695BA408DC}.AppStore|iPhone.ActiveCfg = Release|Any CPU
		{31430FA0-1128-4CC7-9919-08695BA408DC}.AppStore|iPhone.Build.0 = Release|Any CPU
		{31430FA0-1128-4CC7-9919-08695BA408DC}.AppStore|iPhoneSimulator.ActiveCfg = Release|Any CPU
		{31430FA0-1128-4CC7-9919-08695BA408DC}.AppStore|iPhoneSimulator.Build.0 = Release|Any CPU
		{31430FA0-1128-4CC7-9919-08695BA408DC}.AppStore|x64.ActiveCfg = Release|Any CPU
		{31430FA0-1128-4CC7-9919-08695BA408DC}.AppStore|x64.Build.0 = Release|Any CPU
		{31430FA0-1128-4CC7-9919-08695BA408DC}.AppStore|x86.ActiveCfg = Release|Any CPU
		{31430FA0-1128-4CC7-9919-08695BA408DC}.AppStore|x86.Build.0 = Release|Any CPU
		{31430FA0-1128-4CC7-9919-08695BA408DC}.Debug|Any CPU.ActiveCfg = Debug|Any CPU
		{31430FA0-1128-4CC7-9919-08695BA408DC}.Debug|Any CPU.Build.0 = Debug|Any CPU
		{31430FA0-1128-4CC7-9919-08695BA408DC}.Debug|ARM.ActiveCfg = Debug|Any CPU
		{31430FA0-1128-4CC7-9919-08695BA408DC}.Debug|ARM.Build.0 = Debug|Any CPU
		{31430FA0-1128-4CC7-9919-08695BA408DC}.Debug|iPhone.ActiveCfg = Debug|Any CPU
		{31430FA0-1128-4CC7-9919-08695BA408DC}.Debug|iPhone.Build.0 = Debug|Any CPU
		{31430FA0-1128-4CC7-9919-08695BA408DC}.Debug|iPhoneSimulator.ActiveCfg = Debug|Any CPU
		{31430FA0-1128-4CC7-9919-08695BA408DC}.Debug|iPhoneSimulator.Build.0 = Debug|Any CPU
		{31430FA0-1128-4CC7-9919-08695BA408DC}.Debug|x64.ActiveCfg = Debug|Any CPU
		{31430FA0-1128-4CC7-9919-08695BA408DC}.Debug|x64.Build.0 = Debug|Any CPU
		{31430FA0-1128-4CC7-9919-08695BA408DC}.Debug|x86.ActiveCfg = Debug|Any CPU
		{31430FA0-1128-4CC7-9919-08695BA408DC}.Debug|x86.Build.0 = Debug|Any CPU
		{31430FA0-1128-4CC7-9919-08695BA408DC}.Release|Any CPU.ActiveCfg = Release|Any CPU
		{31430FA0-1128-4CC7-9919-08695BA408DC}.Release|Any CPU.Build.0 = Release|Any CPU
		{31430FA0-1128-4CC7-9919-08695BA408DC}.Release|ARM.ActiveCfg = Release|Any CPU
		{31430FA0-1128-4CC7-9919-08695BA408DC}.Release|ARM.Build.0 = Release|Any CPU
		{31430FA0-1128-4CC7-9919-08695BA408DC}.Release|iPhone.ActiveCfg = Release|Any CPU
		{31430FA0-1128-4CC7-9919-08695BA408DC}.Release|iPhone.Build.0 = Release|Any CPU
		{31430FA0-1128-4CC7-9919-08695BA408DC}.Release|iPhoneSimulator.ActiveCfg = Release|Any CPU
		{31430FA0-1128-4CC7-9919-08695BA408DC}.Release|iPhoneSimulator.Build.0 = Release|Any CPU
		{31430FA0-1128-4CC7-9919-08695BA408DC}.Release|x64.ActiveCfg = Release|Any CPU
		{31430FA0-1128-4CC7-9919-08695BA408DC}.Release|x64.Build.0 = Release|Any CPU
		{31430FA0-1128-4CC7-9919-08695BA408DC}.Release|x86.ActiveCfg = Release|Any CPU
		{31430FA0-1128-4CC7-9919-08695BA408DC}.Release|x86.Build.0 = Release|Any CPU
	EndGlobalSection
	GlobalSection(SolutionProperties) = preSolution
		HideSolutionNode = FALSE
	EndGlobalSection
EndGlobal
