
Microsoft Visual Studio Solution File, Format Version 12.00
# Visual Studio 15
VisualStudioVersion = 15.0.26730.16
MinimumVisualStudioVersion = 10.0.40219.1
Project("{FAE04EC0-301F-11D3-BF4B-00C04F79EFBC}") = "01 Piolhos", "Piolhos\01 Piolhos.csproj", "{F8F8BE9A-F27D-46BF-91B9-5BC329F4E107}"
EndProject
Project("{FAE04EC0-301F-11D3-BF4B-00C04F79EFBC}") = "04 Piolhos.Api", "Piolhos.Api\04 Piolhos.Api.csproj", "{9608EF45-3CBD-4360-8E80-CC4028AC43AC}"
EndProject
Project("{FAE04EC0-301F-11D3-BF4B-00C04F79EFBC}") = "03 Piolhos.Logic", "Piolhos.Logic\03 Piolhos.Logic.csproj", "{1755FEBD-A3A8-423E-92FF-FB2B74C4DC9F}"
EndProject
Project("{FAE04EC0-301F-11D3-BF4B-00C04F79EFBC}") = "02 Piolhos.Repository", "Piolhos.Repository\02 Piolhos.Repository.csproj", "{05BF639D-F393-47FF-97E8-44F0EFE085A6}"
EndProject
Project("{FAE04EC0-301F-11D3-BF4B-00C04F79EFBC}") = "05 Piolhos.Test", "Piolhos.Test\05 Piolhos.Test.csproj", "{BD75334B-6718-4D29-AD50-5735E68EF146}"
EndProject
Global
	GlobalSection(SolutionConfigurationPlatforms) = preSolution
		Debug|Any CPU = Debug|Any CPU
		Release|Any CPU = Release|Any CPU
	EndGlobalSection
	GlobalSection(ProjectConfigurationPlatforms) = postSolution
		{F8F8BE9A-F27D-46BF-91B9-5BC329F4E107}.Debug|Any CPU.ActiveCfg = Debug|Any CPU
		{F8F8BE9A-F27D-46BF-91B9-5BC329F4E107}.Debug|Any CPU.Build.0 = Debug|Any CPU
		{F8F8BE9A-F27D-46BF-91B9-5BC329F4E107}.Release|Any CPU.ActiveCfg = Release|Any CPU
		{F8F8BE9A-F27D-46BF-91B9-5BC329F4E107}.Release|Any CPU.Build.0 = Release|Any CPU
		{9608EF45-3CBD-4360-8E80-CC4028AC43AC}.Debug|Any CPU.ActiveCfg = Debug|Any CPU
		{9608EF45-3CBD-4360-8E80-CC4028AC43AC}.Debug|Any CPU.Build.0 = Debug|Any CPU
		{9608EF45-3CBD-4360-8E80-CC4028AC43AC}.Release|Any CPU.ActiveCfg = Release|Any CPU
		{9608EF45-3CBD-4360-8E80-CC4028AC43AC}.Release|Any CPU.Build.0 = Release|Any CPU
		{1755FEBD-A3A8-423E-92FF-FB2B74C4DC9F}.Debug|Any CPU.ActiveCfg = Debug|Any CPU
		{1755FEBD-A3A8-423E-92FF-FB2B74C4DC9F}.Debug|Any CPU.Build.0 = Debug|Any CPU
		{1755FEBD-A3A8-423E-92FF-FB2B74C4DC9F}.Release|Any CPU.ActiveCfg = Release|Any CPU
		{1755FEBD-A3A8-423E-92FF-FB2B74C4DC9F}.Release|Any CPU.Build.0 = Release|Any CPU
		{05BF639D-F393-47FF-97E8-44F0EFE085A6}.Debug|Any CPU.ActiveCfg = Debug|Any CPU
		{05BF639D-F393-47FF-97E8-44F0EFE085A6}.Debug|Any CPU.Build.0 = Debug|Any CPU
		{05BF639D-F393-47FF-97E8-44F0EFE085A6}.Release|Any CPU.ActiveCfg = Release|Any CPU
		{05BF639D-F393-47FF-97E8-44F0EFE085A6}.Release|Any CPU.Build.0 = Release|Any CPU
		{BD75334B-6718-4D29-AD50-5735E68EF146}.Debug|Any CPU.ActiveCfg = Debug|Any CPU
		{BD75334B-6718-4D29-AD50-5735E68EF146}.Debug|Any CPU.Build.0 = Debug|Any CPU
		{BD75334B-6718-4D29-AD50-5735E68EF146}.Release|Any CPU.ActiveCfg = Release|Any CPU
		{BD75334B-6718-4D29-AD50-5735E68EF146}.Release|Any CPU.Build.0 = Release|Any CPU
	EndGlobalSection
	GlobalSection(SolutionProperties) = preSolution
		HideSolutionNode = FALSE
	EndGlobalSection
	GlobalSection(ExtensibilityGlobals) = postSolution
		SolutionGuid = {8CE349F9-D395-4EDF-A871-FA860ABE9FDD}
	EndGlobalSection
EndGlobal
